{
  "nodes": {
    "base64-src": {
      "flake": false,
      "locked": {
        "lastModified": 1468170709,
        "narHash": "sha256-dt6i1j0rqH7lA+2XXp9KTEhj2GvYueyGrHh9VXBEsbw=",
        "ref": "master",
        "rev": "7d5a89229a525452e37504976a73c35fbaf2fe4d",
        "revCount": 1,
        "type": "git",
        "url": "https://gist.github.com/f0fd86b6c73063283afe550bc5d77594.git"
      },
      "original": {
        "type": "git",
        "url": "https://gist.github.com/f0fd86b6c73063283afe550bc5d77594.git"
      }
    },
    "flake-utils": {
      "locked": {
        "lastModified": 1659877975,
        "narHash": "sha256-zllb8aq3YO3h8B/U0/J1WBgAL8EX5yWf5pMj3G0NAmc=",
        "owner": "numtide",
        "repo": "flake-utils",
        "rev": "c0e246b9b83f637f4681389ecabcb2681b4f3af0",
        "type": "github"
      },
      "original": {
        "owner": "numtide",
        "repo": "flake-utils",
        "type": "github"
      }
    },
    "gourou-src": {
      "flake": false,
      "locked": {
        "lastModified": 1654435760,
        "narHash": "sha256-X94UbSwAp3rtioC8FCgJcOlVNZ5rvaAeIIVlKocFwus=",
        "ref": "master",
        "rev": "4f288f4e241e3cc711a10fdcf4078fd4ddfab7c2",
        "revCount": 81,
        "type": "git",
        "url": "git://soutade.fr/libgourou.git"
      },
      "original": {
        "type": "git",
        "url": "git://soutade.fr/libgourou.git"
      }
    },
    "nixpkgs": {
      "locked": {
        "lastModified": 1654230545,
        "narHash": "sha256-8Vlwf0x8ow6pPOK2a04bT+pxIeRnM1+O0Xv9/CuDzRs=",
        "owner": "NixOS",
        "repo": "nixpkgs",
        "rev": "236cc2971ac72acd90f0ae3a797f9f83098b17ec",
        "type": "github"
      },
      "original": {
        "owner": "NixOS",
        "ref": "nixos-unstable",
        "repo": "nixpkgs",
        "type": "github"
      }
    },
    "pugixml-src": {
      "flake": false,
      "locked": {
        "lastModified": 1644379750,
        "narHash": "sha256-FLemG9T17n6l7vgb01OmO22BK59jv5uozVHeUnILEEQ=",
        "owner": "zeux",
        "repo": "pugixml",
        "rev": "314baf6605143f1e837209008f490e8559529e1c",
        "type": "github"
      },
      "original": {
        "owner": "zeux",
        "ref": "latest",
        "repo": "pugixml",
        "type": "github"
      }
    },
    "root": {
      "inputs": {
        "base64-src": "base64-src",
        "flake-utils": "flake-utils",
        "gourou-src": "gourou-src",
        "nixpkgs": "nixpkgs",
        "pugixml-src": "pugixml-src",
        "updfparser-src": "updfparser-src"
      }
    },
    "updfparser-src": {
      "flake": false,
      "locked": {
        "lastModified": 1647424063,
        "narHash": "sha256-9dvibKiUbbI4CrmuAaJzlpntT0XdLvdGeC2/WzjlA5U=",
        "ref": "master",
        "rev": "9d56c1d0b1ce81aae4c8db9d99a8b5d1f7967bcf",
        "revCount": 25,
        "type": "git",
        "url": "git://soutade.fr/updfparser.git"
      },
      "original": {
        "type": "git",
        "url": "git://soutade.fr/updfparser.git"
      }
    }
  },
  "root": "root",
  "version": 7
}
